// !$*UTF8*$!
{
	archiveVersion = 1;
	classes = {
	};
	objectVersion = 56;
	objects = {

		1A4A53BD434640018A1303B4 /* VidForgeApp.swift in Sources */ = {isa = PBXBuildFile; fileRef = BDC27D2A1C6F48A5B2686AC4 /* VidForgeApp.swift */; };
		6C64E4FCB1AC4735A078A224 /* AlloyPreset.swift in Sources */ = {isa = PBXBuildFile; fileRef = BDB782F0EA0F4236AE8FFCD1 /* AlloyPreset.swift */; };
		46D57A704E604682AFD370AA /* ForgeJob.swift in Sources */ = {isa = PBXBuildFile; fileRef = D754F3E5F97348E599A91C27 /* ForgeJob.swift */; };
		236AD65A51E4404FAD04C39D /* MediaProbe.swift in Sources */ = {isa = PBXBuildFile; fileRef = 1BE9F2A3D81847D88E980C53 /* MediaProbe.swift */; };
		F464C68154554B17854FF7F6 /* BinaryLocator.swift in Sources */ = {isa = PBXBuildFile; fileRef = 50BBC453BE74443C8FE5977C /* BinaryLocator.swift */; };
		7E7FFEF3098B494F9B121CF7 /* ProcessRunner.swift in Sources */ = {isa = PBXBuildFile; fileRef = 1CBD1F0836714388AF146F3D /* ProcessRunner.swift */; };
		09935A3AA82F4461B7549038 /* YtDlpService.swift in Sources */ = {isa = PBXBuildFile; fileRef = 78F5D8078EB046C180163157 /* YtDlpService.swift */; };
		95E3603372274FE082ECE263 /* FFmpegService.swift in Sources */ = {isa = PBXBuildFile; fileRef = 09C5BD89B59A4A20BF6D45CA /* FFmpegService.swift */; };
		E753BBAB50B745CFBBDED79A /* ForgeEngine.swift in Sources */ = {isa = PBXBuildFile; fileRef = BCBB6EB31D8744A0B0748866 /* ForgeEngine.swift */; };
		D7024BB8720748488495893C /* ForgeStore.swift in Sources */ = {isa = PBXBuildFile; fileRef = 3F900166CF0F4B3EACCDE249 /* ForgeStore.swift */; };
		BDD07E8F1F2C492CA5E1A924 /* ContentView.swift in Sources */ = {isa = PBXBuildFile; fileRef = 5CA94D4AF48D4225AD91F86C /* ContentView.swift */; };
		3462A07E68F64750993BBFEC /* PreferencesView.swift in Sources */ = {isa = PBXBuildFile; fileRef = 771065BABA4D43CEA362E315 /* PreferencesView.swift */; };
		CD01EC23BD034F3CAE48774C /* AtmosphereBackground.swift in Sources */ = {isa = PBXBuildFile; fileRef = F48BB91CDAF2477D979941B8 /* AtmosphereBackground.swift */; };
		A293A56B229C4C6C97F1580A /* OreInputBar.swift in Sources */ = {isa = PBXBuildFile; fileRef = 205839FFBF0343A18492CD15 /* OreInputBar.swift */; };
		BB39D74CAD274B74A047D024 /* AlloyPicker.swift in Sources */ = {isa = PBXBuildFile; fileRef = 6430F91838BA4135A88CC844 /* AlloyPicker.swift */; };
		3B97E037AF004CF49ECEDC71 /* ProbePanel.swift in Sources */ = {isa = PBXBuildFile; fileRef = FBAF4C2C13DB4E3CA4D6C8AF /* ProbePanel.swift */; };
		C121E2871BAF41D0A81E376E /* ForgeQueueView.swift in Sources */ = {isa = PBXBuildFile; fileRef = ADEF603085B749B1B4975FC9 /* ForgeQueueView.swift */; };
		5A5D0AFB14784C588869833D /* JobRowView.swift in Sources */ = {isa = PBXBuildFile; fileRef = 4AFD190C0CE94D84A3625F12 /* JobRowView.swift */; };
		CA292F195B904A429A153BCD /* EmberProgress.swift in Sources */ = {isa = PBXBuildFile; fileRef = 5587E78CDDE1429881A95533 /* EmberProgress.swift */; };
		8E06C0D4BF5B4B93A3B41738 /* ButtonStyles.swift in Sources */ = {isa = PBXBuildFile; fileRef = AF93CE30C7C842C695B1ABB7 /* ButtonStyles.swift */; };
		A0157778B4FD49FF8427F95E /* Assets.xcassets in Resources */ = {isa = PBXBuildFile; fileRef = 262278AA2D0C48FBB55A7D24 /* Assets.xcassets */; };
		BDC27D2A1C6F48A5B2686AC4 /* VidForgeApp.swift */ = {isa = PBXFileReference; lastKnownFileType = sourcecode.swift; path = VidForgeApp.swift; sourceTree = "<group>"; };
		BDB782F0EA0F4236AE8FFCD1 /* AlloyPreset.swift */ = {isa = PBXFileReference; lastKnownFileType = sourcecode.swift; path = AlloyPreset.swift; sourceTree = "<group>"; };
		D754F3E5F97348E599A91C27 /* ForgeJob.swift */ = {isa = PBXFileReference; lastKnownFileType = sourcecode.swift; path = ForgeJob.swift; sourceTree = "<group>"; };
		1BE9F2A3D81847D88E980C53 /* MediaProbe.swift */ = {isa = PBXFileReference; lastKnownFileType = sourcecode.swift; path = MediaProbe.swift; sourceTree = "<group>"; };
		50BBC453BE74443C8FE5977C /* BinaryLocator.swift */ = {isa = PBXFileReference; lastKnownFileType = sourcecode.swift; path = BinaryLocator.swift; sourceTree = "<group>"; };
		1CBD1F0836714388AF146F3D /* ProcessRunner.swift */ = {isa = PBXFileReference; lastKnownFileType = sourcecode.swift; path = ProcessRunner.swift; sourceTree = "<group>"; };
		78F5D8078EB046C180163157 /* YtDlpService.swift */ = {isa = PBXFileReference; lastKnownFileType = sourcecode.swift; path = YtDlpService.swift; sourceTree = "<group>"; };
		09C5BD89B59A4A20BF6D45CA /* FFmpegService.swift */ = {isa = PBXFileReference; lastKnownFileType = sourcecode.swift; path = FFmpegService.swift; sourceTree = "<group>"; };
		BCBB6EB31D8744A0B0748866 /* ForgeEngine.swift */ = {isa = PBXFileReference; lastKnownFileType = sourcecode.swift; path = ForgeEngine.swift; sourceTree = "<group>"; };
		3F900166CF0F4B3EACCDE249 /* ForgeStore.swift */ = {isa = PBXFileReference; lastKnownFileType = sourcecode.swift; path = ForgeStore.swift; sourceTree = "<group>"; };
		5CA94D4AF48D4225AD91F86C /* ContentView.swift */ = {isa = PBXFileReference; lastKnownFileType = sourcecode.swift; path = ContentView.swift; sourceTree = "<group>"; };
		771065BABA4D43CEA362E315 /* PreferencesView.swift */ = {isa = PBXFileReference; lastKnownFileType = sourcecode.swift; path = PreferencesView.swift; sourceTree = "<group>"; };
		F48BB91CDAF2477D979941B8 /* AtmosphereBackground.swift */ = {isa = PBXFileReference; lastKnownFileType = sourcecode.swift; path = AtmosphereBackground.swift; sourceTree = "<group>"; };
		205839FFBF0343A18492CD15 /* OreInputBar.swift */ = {isa = PBXFileReference; lastKnownFileType = sourcecode.swift; path = OreInputBar.swift; sourceTree = "<group>"; };
		6430F91838BA4135A88CC844 /* AlloyPicker.swift */ = {isa = PBXFileReference; lastKnownFileType = sourcecode.swift; path = AlloyPicker.swift; sourceTree = "<group>"; };
		FBAF4C2C13DB4E3CA4D6C8AF /* ProbePanel.swift */ = {isa = PBXFileReference; lastKnownFileType = sourcecode.swift; path = ProbePanel.swift; sourceTree = "<group>"; };
		ADEF603085B749B1B4975FC9 /* ForgeQueueView.swift */ = {isa = PBXFileReference; lastKnownFileType = sourcecode.swift; path = ForgeQueueView.swift; sourceTree = "<group>"; };
		4AFD190C0CE94D84A3625F12 /* JobRowView.swift */ = {isa = PBXFileReference; lastKnownFileType = sourcecode.swift; path = JobRowView.swift; sourceTree = "<group>"; };
		5587E78CDDE1429881A95533 /* EmberProgress.swift */ = {isa = PBXFileReference; lastKnownFileType = sourcecode.swift; path = EmberProgress.swift; sourceTree = "<group>"; };
		AF93CE30C7C842C695B1ABB7 /* ButtonStyles.swift */ = {isa = PBXFileReference; lastKnownFileType = sourcecode.swift; path = ButtonStyles.swift; sourceTree = "<group>"; };
		5A4E548ACA1942CC8905A923 /* VidForge.app */ = {isa = PBXFileReference; explicitFileType = wrapper.application; includeInIndex = 0; path = VidForge.app; sourceTree = BUILT_PRODUCTS_DIR; };
		262278AA2D0C48FBB55A7D24 /* Assets.xcassets */ = {isa = PBXFileReference; lastKnownFileType = folder.assetcatalog; path = Assets.xcassets; sourceTree = "<group>"; };
		249A8633B9614315A2A97C1E /* VidForge.entitlements */ = {isa = PBXFileReference; lastKnownFileType = text.plist.entitlements; path = VidForge.entitlements; sourceTree = "<group>"; };
		90640043CD12437CB3DCF1BB /* Models */ = {
			isa = PBXGroup;
			children = (
				BDB782F0EA0F4236AE8FFCD1,
				D754F3E5F97348E599A91C27,
				1BE9F2A3D81847D88E980C53,
			);
			path = Models;
			sourceTree = "<group>";
		};
		4F0C644366D8444FB9E8CD99 /* Services */ = {
			isa = PBXGroup;
			children = (
				50BBC453BE74443C8FE5977C,
				1CBD1F0836714388AF146F3D,
				78F5D8078EB046C180163157,
				09C5BD89B59A4A20BF6D45CA,
				BCBB6EB31D8744A0B0748866,
			);
			path = Services;
			sourceTree = "<group>";
		};
		3D0A84B1AB0B4C88B0E748A2 /* ViewModels */ = {
			isa = PBXGroup;
			children = (
				3F900166CF0F4B3EACCDE249,
			);
			path = ViewModels;
			sourceTree = "<group>";
		};
		D68BD567163344E0AC1F1D67 /* Components */ = {
			isa = PBXGroup;
			children = (
				F48BB91CDAF2477D979941B8,
				205839FFBF0343A18492CD15,
				6430F91838BA4135A88CC844,
				FBAF4C2C13DB4E3CA4D6C8AF,
				ADEF603085B749B1B4975FC9,
				4AFD190C0CE94D84A3625F12,
				5587E78CDDE1429881A95533,
				AF93CE30C7C842C695B1ABB7,
			);
			path = Components;
			sourceTree = "<group>";
		};
		53408C55F23E48E4A9C9DC11 /* Views */ = {
			isa = PBXGroup;
			children = (
				5CA94D4AF48D4225AD91F86C,
				771065BABA4D43CEA362E315,
				D68BD567163344E0AC1F1D67,
			);
			path = Views;
			sourceTree = "<group>";
		};
		DBBE989C1C9E47DBBA722794 /* VidForge */ = {
			isa = PBXGroup;
			children = (
				BDC27D2A1C6F48A5B2686AC4,
				262278AA2D0C48FBB55A7D24,
				249A8633B9614315A2A97C1E,
				90640043CD12437CB3DCF1BB,
				4F0C644366D8444FB9E8CD99,
				3D0A84B1AB0B4C88B0E748A2,
				53408C55F23E48E4A9C9DC11,
			);
			path = VidForge;
			sourceTree = "<group>";
		};
		3B68570E8C044565ACB9E670 /* Products */ = {
			isa = PBXGroup;
			children = (
				5A4E548ACA1942CC8905A923,
			);
			sourceTree = "<group>";
		};
		E5782D786B6E4F5CB242CD67 /* Main */ = {
			isa = PBXGroup;
			children = (
				DBBE989C1C9E47DBBA722794,
				3B68570E8C044565ACB9E670,
			);
			sourceTree = "<group>";
		};
		5A8CC0098CB2439A9A50D8F6 /* Sources */ = {
			isa = PBXSourcesBuildPhase;
			buildActionMask = 2147483647;
			files = (
				1A4A53BD434640018A1303B4 /* VidForgeApp.swift in Sources */,
				6C64E4FCB1AC4735A078A224 /* AlloyPreset.swift in Sources */,
				46D57A704E604682AFD370AA /* ForgeJob.swift in Sources */,
				236AD65A51E4404FAD04C39D /* MediaProbe.swift in Sources */,
				F464C68154554B17854FF7F6 /* BinaryLocator.swift in Sources */,
				7E7FFEF3098B494F9B121CF7 /* ProcessRunner.swift in Sources */,
				09935A3AA82F4461B7549038 /* YtDlpService.swift in Sources */,
				95E3603372274FE082ECE263 /* FFmpegService.swift in Sources */,
				E753BBAB50B745CFBBDED79A /* ForgeEngine.swift in Sources */,
				D7024BB8720748488495893C /* ForgeStore.swift in Sources */,
				BDD07E8F1F2C492CA5E1A924 /* ContentView.swift in Sources */,
				3462A07E68F64750993BBFEC /* PreferencesView.swift in Sources */,
				CD01EC23BD034F3CAE48774C /* AtmosphereBackground.swift in Sources */,
				A293A56B229C4C6C97F1580A /* OreInputBar.swift in Sources */,
				BB39D74CAD274B74A047D024 /* AlloyPicker.swift in Sources */,
				3B97E037AF004CF49ECEDC71 /* ProbePanel.swift in Sources */,
				C121E2871BAF41D0A81E376E /* ForgeQueueView.swift in Sources */,
				5A5D0AFB14784C588869833D /* JobRowView.swift in Sources */,
				CA292F195B904A429A153BCD /* EmberProgress.swift in Sources */,
				8E06C0D4BF5B4B93A3B41738 /* ButtonStyles.swift in Sources */,
			);
			runOnlyForDeploymentPostprocessing = 0;
		};
		69ABF179CEA34936B4103D74 /* Resources */ = {
			isa = PBXResourcesBuildPhase;
			buildActionMask = 2147483647;
			files = (
				A0157778B4FD49FF8427F95E /* Assets.xcassets in Resources */,
			);
			runOnlyForDeploymentPostprocessing = 0;
		};
		945B03AB9425421282B59192 /* Frameworks */ = {
			isa = PBXFrameworksBuildPhase;
			buildActionMask = 2147483647;
			files = (
			);
			runOnlyForDeploymentPostprocessing = 0;
		};
		679210A7A36C465A945CFB65 /* VidForge */ = {
			isa = PBXNativeTarget;
			buildConfigurationList = FE8679F86940466FB864C804;
			buildPhases = (
				5A8CC0098CB2439A9A50D8F6 /* Sources */,
				945B03AB9425421282B59192 /* Frameworks */,
				69ABF179CEA34936B4103D74 /* Resources */,
				95BC73A236F542608783419E /* Embed Bundled Tools */,
			);
			buildRules = (
			);
			dependencies = (
			);
			name = VidForge;
			productName = VidForge;
			productReference = 5A4E548ACA1942CC8905A923 /* VidForge.app */;
			productType = "com.apple.product-type.application";
		};
		88FE37CE1A2E42DFBEC80B8F /* Project object */ = {
			isa = PBXProject;
			attributes = {
				BuildIndependentTargetsInParallel = 1;
				LastSwiftUpdateCheck = 1600;
				LastUpgradeCheck = 1600;
			};
			buildConfigurationList = D336FEA9004B4E8CAB089006;
			compatibilityVersion = "Xcode 15.0";
			developmentRegion = en;
			hasScannedForEncodings = 0;
			knownRegions = (
				en,
				Base,
			);
			mainGroup = E5782D786B6E4F5CB242CD67;
			productRefGroup = 3B68570E8C044565ACB9E670;
			projectDirPath = "";
			projectRoot = "";
			targets = (
				679210A7A36C465A945CFB65 /* VidForge */,
			);
		};
		A8ECD9B5A82C4527BC4AD2E0 /* Debug */ = {
			isa = XCBuildConfiguration;
			buildSettings = {
				ALWAYS_SEARCH_USER_PATHS = NO;
				CLANG_ENABLE_MODULES = YES;
				COPY_PHASE_STRIP = NO;
				DEBUG_INFORMATION_FORMAT = dwarf;
				ENABLE_TESTABILITY = YES;
				MACOSX_DEPLOYMENT_TARGET = 14.0;
				ONLY_ACTIVE_ARCH = YES;
				SDKROOT = macosx;
				SWIFT_ACTIVE_COMPILATION_CONDITIONS = "DEBUG $(inherited)";
				SWIFT_OPTIMIZATION_LEVEL = "-Onone";
			};
			name = Debug;
		};
		21CE8432239C4A4F889F7072 /* Release */ = {
			isa = XCBuildConfiguration;
			buildSettings = {
				ALWAYS_SEARCH_USER_PATHS = NO;
				CLANG_ENABLE_MODULES = YES;
				COPY_PHASE_STRIP = NO;
				DEBUG_INFORMATION_FORMAT = "dwarf-with-dsym";
				MACOSX_DEPLOYMENT_TARGET = 14.0;
				SDKROOT = macosx;
				SWIFT_COMPILATION_MODE = wholemodule;
			};
			name = Release;
		};
		B934B3CB4FD44F50BBE4C728 /* Debug */ = {
			isa = XCBuildConfiguration;
			buildSettings = {
				ASSETCATALOG_COMPILER_APPICON_NAME = AppIcon;
				ASSETCATALOG_COMPILER_GLOBAL_ACCENT_COLOR_NAME = AccentColor;
				CODE_SIGN_ENTITLEMENTS = VidForge/VidForge.entitlements;
				CODE_SIGN_STYLE = Automatic;
				COMBINE_HIDPI_IMAGES = YES;
				CURRENT_PROJECT_VERSION = 1;
				ENABLE_HARDENED_RUNTIME = YES;
				GENERATE_INFOPLIST_FILE = YES;
				INFOPLIST_KEY_CFBundleDisplayName = VidForge;
				INFOPLIST_KEY_LSApplicationCategoryType = "public.app-category.video";
				INFOPLIST_KEY_NSHumanReadableCopyright = "Copyright © 2026";
				INFOPLIST_KEY_NSPrincipalClass = NSApplication;
				LD_RUNPATH_SEARCH_PATHS = (
					"$(inherited)",
					"@executable_path/../Frameworks",
				);
				MACOSX_DEPLOYMENT_TARGET = 14.0;
				MARKETING_VERSION = 1.0;
				PRODUCT_BUNDLE_IDENTIFIER = com.vidforge.app;
				PRODUCT_NAME = "$(TARGET_NAME)";
				SWIFT_EMIT_LOC_STRINGS = YES;
				SWIFT_VERSION = 5.0;
			};
			name = Debug;
		};
		F8CF2A44B29A487F818D6B84 /* Release */ = {
			isa = XCBuildConfiguration;
			buildSettings = {
				ASSETCATALOG_COMPILER_APPICON_NAME = AppIcon;
				ASSETCATALOG_COMPILER_GLOBAL_ACCENT_COLOR_NAME = AccentColor;
				CODE_SIGN_ENTITLEMENTS = VidForge/VidForge.entitlements;
				CODE_SIGN_STYLE = Automatic;
				COMBINE_HIDPI_IMAGES = YES;
				CURRENT_PROJECT_VERSION = 1;
				ENABLE_HARDENED_RUNTIME = YES;
				GENERATE_INFOPLIST_FILE = YES;
				INFOPLIST_KEY_CFBundleDisplayName = VidForge;
				INFOPLIST_KEY_LSApplicationCategoryType = "public.app-category.video";
				INFOPLIST_KEY_NSHumanReadableCopyright = "Copyright © 2026";
				INFOPLIST_KEY_NSPrincipalClass = NSApplication;
				LD_RUNPATH_SEARCH_PATHS = (
					"$(inherited)",
					"@executable_path/../Frameworks",
				);
				MACOSX_DEPLOYMENT_TARGET = 14.0;
				MARKETING_VERSION = 1.0;
				PRODUCT_BUNDLE_IDENTIFIER = com.vidforge.app;
				PRODUCT_NAME = "$(TARGET_NAME)";
				SWIFT_EMIT_LOC_STRINGS = YES;
				SWIFT_VERSION = 5.0;
			};
			name = Release;
		};
		D336FEA9004B4E8CAB089006 /* Project configs */ = {
			isa = XCConfigurationList;
			buildConfigurations = (
				A8ECD9B5A82C4527BC4AD2E0 /* Debug */,
				21CE8432239C4A4F889F7072 /* Release */,
			);
			defaultConfigurationIsVisible = 0;
			defaultConfigurationName = Release;
		};
		FE8679F86940466FB864C804 /* Target configs */ = {
			isa = XCConfigurationList;
			buildConfigurations = (
				B934B3CB4FD44F50BBE4C728 /* Debug */,
				F8CF2A44B29A487F818D6B84 /* Release */,
			);
			defaultConfigurationIsVisible = 0;
			defaultConfigurationName = Release;
			95BC73A236F542608783419E /* Embed Bundled Tools */ = {
			isa = PBXShellScriptBuildPhase;
			alwaysOutOfDate = 1;
			buildActionMask = 2147483647;
			files = (
			);
			inputFileListPaths = (
			);
			inputPaths = (
				"$(SRCROOT)/VidForge/BundledTools/yt-dlp",
				"$(SRCROOT)/VidForge/BundledTools/ffmpeg",
				"$(SRCROOT)/VidForge/BundledTools/ffprobe",
				"$(SRCROOT)/Scripts/embed-bundled-tools.sh",
			);
			name = "Embed Bundled Tools";
			outputFileListPaths = (
			);
			outputPaths = (
				"$(BUILT_PRODUCTS_DIR)/$(CONTENTS_FOLDER_PATH)/Helpers/yt-dlp",
				"$(BUILT_PRODUCTS_DIR)/$(CONTENTS_FOLDER_PATH)/Helpers/ffmpeg",
				"$(BUILT_PRODUCTS_DIR)/$(CONTENTS_FOLDER_PATH)/Helpers/ffprobe",
			);
			runOnlyForDeploymentPostprocessing = 0;
			shellPath = /bin/bash;
			shellScript = "\"${SRCROOT}/Scripts/embed-bundled-tools.sh\"\n";
		};

	};

	};
	rootObject = 88FE37CE1A2E42DFBEC80B8F /* Project object */;
}
